// !$*UTF8*$!
{
	archiveVersion = 1;
	classes = {
	};
	objectVersion = 50;
	objects = {

/* Begin PBXBuildFile section */
		AA2C0C5325682ABC00637433 /* CanvasView.swift in Sources */ = {isa = PBXBuildFile; fileRef = AA2C0C5225682ABC00637433 /* CanvasView.swift */; };
		AA2C0C56256837E400637433 /* TouchPointAndColor.swift in Sources */ = {isa = PBXBuildFile; fileRef = AA2C0C55256837E400637433 /* TouchPointAndColor.swift */; };
		AA4D1E40256735C700DD8694 /* AppDelegate.swift in Sources */ = {isa = PBXBuildFile; fileRef = AA4D1E3F256735C700DD8694 /* AppDelegate.swift */; };
		AA4D1E42256735C700DD8694 /* SceneDelegate.swift in Sources */ = {isa = PBXBuildFile; fileRef = AA4D1E41256735C700DD8694 /* SceneDelegate.swift */; };
		AA4D1E44256735C700DD8694 /* ViewController.swift in Sources */ = {isa = PBXBuildFile; fileRef = AA4D1E43256735C700DD8694 /* ViewController.swift */; };
		AA4D1E47256735C700DD8694 /* Main.storyboard in Resources */ = {isa = PBXBuildFile; fileRef = AA4D1E45256735C700DD8694 /* Main.storyboard */; };
		AA4D1E49256735D900DD8694 /* Assets.xcassets in Resources */ = {isa = PBXBuildFile; fileRef = AA4D1E48256735D900DD8694 /* Assets.xcassets */; };
		AA4D1E4C256735D900DD8694 /* LaunchScreen.storyboard in Resources */ = {isa = PBXBuildFile; fileRef = AA4D1E4A256735D900DD8694 /* LaunchScreen.storyboard */; };
/* End PBXBuildFile section */

/* Begin PBXFileReference section */
		AA2C0C5225682ABC00637433 /* CanvasView.swift */ = {isa = PBXFileReference; lastKnownFileType = sourcecode.swift; path = CanvasView.swift; sourceTree = "<group>"; };
		AA2C0C55256837E400637433 /* TouchPointAndColor.swift */ = {isa = PBXFileReference; lastKnownFileType = sourcecode.swift; path = TouchPointAndColor.swift; sourceTree = "<group>"; };
		AA4D1E3C256735C700DD8694 /* DibujoCanvas.app */ = {isa = PBXFileReference; explicitFileType = wrapper.application; includeInIndex = 0; path = DibujoCanvas.app; sourceTree = BUILT_PRODUCTS_DIR; };
		AA4D1E3F256735C700DD8694 /* AppDelegate.swift */ = {isa = PBXFileReference; lastKnownFileType = sourcecode.swift; path = AppDelegate.swift; sourceTree = "<group>"; };
		AA4D1E41256735C700DD8694 /* SceneDelegate.swift */ = {isa = PBXFileReference; lastKnownFileType = sourcecode.swift; path = SceneDelegate.swift; sourceTree = "<group>"; };
		AA4D1E43256735C700DD8694 /* ViewController.swift */ = {isa = PBXFileReference; lastKnownFileType = sourcecode.swift; path = ViewController.swift; sourceTree = "<group>"; };
		AA4D1E46256735C700DD8694 /* Base */ = {isa = PBXFileReference; lastKnownFileType = file.storyboard; name = Base; path = Base.lproj/Main.storyboard; sourceTree = "<group>"; };
		AA4D1E48256735D900DD8694 /* Assets.xcassets */ = {isa = PBXFileReference; lastKnownFileType = folder.assetcatalog; path = Assets.xcassets; sourceTree = "<group>"; };
		AA4D1E4B256735D900DD8694 /* Base */ = {isa = PBXFileReference; lastKnownFileType = file.storyboard; name = Base; path = Base.lproj/LaunchScreen.storyboard; sourceTree = "<group>"; };
		AA4D1E4D256735D900DD8694 /* Info.plist */ = {isa = PBXFileReference; lastKnownFileType = text.plist.xml; path = Info.plist; sourceTree = "<group>"; };
/* End PBXFileReference section */

/* Begin PBXFrameworksBuildPhase section */
		AA4D1E39256735C700DD8694 /* Frameworks */ = {
			isa = PBXFrameworksBuildPhase;
			buildActionMask = 2147483647;
			files = (
			);
			runOnlyForDeploymentPostprocessing = 0;
		};
/* End PBXFrameworksBuildPhase section */

/* Begin PBXGroup section */
		AA4D1E33256735C600DD8694 = {
			isa = PBXGroup;
			children = (
				AA4D1E3E256735C700DD8694 /* DibujoCanvas */,
				AA4D1E3D256735C700DD8694 /* Products */,
			);
			sourceTree = "<group>";
		};
		AA4D1E3D256735C700DD8694 /* Products */ = {
			isa = PBXGroup;
			children = (
				AA4D1E3C256735C700DD8694 /* DibujoCanvas.app */,
			);
			name = Products;
			sourceTree = "<group>";
		};
		AA4D1E3E256735C700DD8694 /* DibujoCanvas */ = {
			isa = PBXGroup;
			children = (
				AA4D1E3F256735C700DD8694 /* AppDelegate.swift */,
				AA4D1E41256735C700DD8694 /* SceneDelegate.swift */,
				AA4D1E43256735C700DD8694 /* ViewController.swift */,
				AA4D1E45256735C700DD8694 /* Main.storyboard */,
				AA4D1E48256735D900DD8694 /* Assets.xcassets */,
				AA4D1E4A256735D900DD8694 /* LaunchScreen.storyboard */,
				AA4D1E4D256735D900DD8694 /* Info.plist */,
				AA2C0C5225682ABC00637433 /* CanvasView.swift */,
				AA2C0C55256837E400637433 /* TouchPointAndColor.swift */,
			);
			path = DibujoCanvas;
			sourceTree = "<group>";
		};
/* End PBXGroup section */

/* Begin PBXNativeTarget section */
		AA4D1E3B256735C700DD8694 /* DibujoCanvas */ = {
			isa = PBXNativeTarget;
			buildConfigurationList = AA4D1E50256735D900DD8694 /* Build configuration list for PBXNativeTarget "DibujoCanvas" */;
			buildPhases = (
				AA4D1E38256735C700DD8694 /* Sources */,
				AA4D1E39256735C700DD8694 /* Frameworks */,
				AA4D1E3A256735C700DD8694 /* Resources */,
			);
			buildRules = (
			);
			dependencies = (
			);
			name = DibujoCanvas;
			productName = DibujoCanvas;
			productReference = AA4D1E3C256735C700DD8694 /* DibujoCanvas.app */;
			productType = "com.apple.product-type.application";
		};
/* End PBXNativeTarget section */

/* Begin PBXProject section */
		AA4D1E34256735C600DD8694 /* Project object */ = {
			isa = PBXProject;
			attributes = {
				LastSwiftUpdateCheck = 1220;
				LastUpgradeCheck = 1220;
				TargetAttributes = {
					AA4D1E3B256735C700DD8694 = {
						CreatedOnToolsVersion = 12.2;
					};
				};
			};
			buildConfigurationList = AA4D1E37256735C600DD8694 /* Build configuration list for PBXProject "DibujoCanvas" */;
			compatibilityVersion = "Xcode 9.3";
			developmentRegion = en;
			hasScannedForEncodings = 0;
			knownRegions = (
				en,
				Base,
			);
			mainGroup = AA4D1E33256735C600DD8694;
			productRefGroup = AA4D1E3D256735C700DD8694 /* Products */;
			projectDirPath = "";
			projectRoot = "";
			targets = (
				AA4D1E3B256735C700DD8694 /* DibujoCanvas */,
			);
		};
/* End PBXProject section */

/* Begin PBXResourcesBuildPhase section */
		AA4D1E3A256735C700DD8694 /* Resources */ = {
			isa = PBXResourcesBuildPhase;
			buildActionMask = 2147483647;
			files = (
				AA4D1E4C256735D900DD8694 /* LaunchScreen.storyboard in Resources */,
				AA4D1E49256735D900DD8694 /* Assets.xcassets in Resources */,
				AA4D1E47256735C700DD8694 /* Main.storyboard in Resources */,
			);
			runOnlyForDeploymentPostprocessing = 0;
		};
/* End PBXResourcesBuildPhase section */

/* Begin PBXSourcesBuildPhase section */
		AA4D1E38256735C700DD8694 /* Sources */ = {
			isa = PBXSourcesBuildPhase;
			buildActionMask = 2147483647;
			files = (
				AA4D1E44256735C700DD8694 /* ViewController.swift in Sources */,
				AA4D1E40256735C700DD8694 /* AppDelegate.swift in Sources */,
				AA2C0C5325682ABC00637433 /* CanvasView.swift in Sources */,
				AA4D1E42256735C700DD8694 /* SceneDelegate.swift in Sources */,
				AA2C0C56256837E400637433 /* TouchPointAndColor.swift in Sources */,
			);
			runOnlyForDeploymentPostprocessing = 0;
		};
/* End PBXSourcesBuildPhase section */

/* Begin PBXVariantGroup section */
		AA4D1E45256735C700DD8694 /* Main.storyboard */ = {
			isa = PBXVariantGroup;
			children = (
				AA4D1E46256735C700DD8694 /* Base */,
			);
			name = Main.storyboard;
			sourceTree = "<group>";
		};
		AA4D1E4A256735D900DD8694 /* LaunchScreen.storyboard */ = {
			isa = PBXVariantGroup;
			children = (
				AA4D1E4B256735D900DD8694 /* Base */,
			);
			name = LaunchScreen.storyboard;
			sourceTree = "<group>";
		};
/* End PBXVariantGroup section */

/* Begin XCBuildConfiguration section */
		AA4D1E4E256735D900DD8694 /* Debug */ = {
			isa = XCBuildConfiguration;
			buildSettings = {
				ALWAYS_SEARCH_USER_PATHS = NO;
				CLANG_ANALYZER_NONNULL = YES;
				CLANG_ANALYZER_NUMBER_OBJECT_CONVERSION = YES_AGGRESSIVE;
				CLANG_CXX_LANGUAGE_STANDARD = "gnu++14";
				CLANG_CXX_LIBRARY = "libc++";
				CLANG_ENABLE_MODULES = YES;
				CLANG_ENABLE_OBJC_ARC = YES;
				CLANG_ENABLE_OBJC_WEAK = YES;
				CLANG_WARN_BLOCK_CAPTURE_AUTORELEASING = YES;
				CLANG_WARN_BOOL_CONVERSION = YES;
				CLANG_WARN_COMMA = YES;
				CLANG_WARN_CONSTANT_CONVERSION = YES;
				CLANG_WARN_DEPRECATED_OBJC_IMPLEMENTATIONS = YES;
				CLANG_WARN_DIRECT_OBJC_ISA_USAGE = YES_ERROR;
				CLANG_WARN_DOCUMENTATION_COMMENTS = YES;
				CLANG_WARN_EMPTY_BODY = YES;
				CLANG_WARN_ENUM_CONVERSION = YES;
				CLANG_WARN_INFINITE_RECURSION = YES;
				CLANG_WARN_INT_CONVERSION = YES;
				CLANG_WARN_NON_LITERAL_NULL_CONVERSION = YES;
				CLANG_WARN_OBJC_IMPLICIT_RETAIN_SELF = YES;
				CLANG_WARN_OBJC_LITERAL_CONVERSION = YES;
				CLANG_WARN_OBJC_ROOT_CLASS = YES_ERROR;
				CLANG_WARN_QUOTED_INCLUDE_IN_FRAMEWORK_HEADER = YES;
				CLANG_WARN_RANGE_LOOP_ANALYSIS = YES;
				CLANG_WARN_STRICT_PROTOTYPES = YES;
				CLANG_WARN_SUSPICIOUS_MOVE = YES;
				CLANG_WARN_UNGUARDED_AVAILABILITY = YES_AGGRESSIVE;
				CLANG_WARN_UNREACHABLE_CODE = YES;
				CLANG_WARN__DUPLICATE_METHOD_MATCH = YES;
				COPY_PHASE_STRIP = NO;
				DEBUG_INFORMATION_FORMAT = dwarf;
				ENABLE_STRICT_OBJC_MSGSEND = YES;
				ENABLE_TESTABILITY = YES;
				GCC_C_LANGUAGE_STANDARD = gnu11;
				GCC_DYNAMIC_NO_PIC = NO;
				GCC_NO_COMMON_BLOCKS = YES;
				GCC_OPTIMIZATION_LEVEL = 0;
				GCC_PREPROCESSOR_DEFINITIONS = (
					"DEBUG=1",
					"$(inherited)",
				);
				GCC_WARN_64_TO_32_BIT_CONVERSION = YES;
				GCC_WARN_ABOUT_RETURN_TYPE = YES_ERROR;
				GCC_WARN_UNDECLARED_SELECTOR = YES;
				GCC_WARN_UNINITIALIZED_AUTOS = YES_AGGRESSIVE;
				GCC_WARN_UNUSED_FUNCTION = YES;
				GCC_WARN_UNUSED_VARIABLE = YES;
				IPHONEOS_DEPLOYMENT_TARGET = 14.2;
				MTL_ENABLE_DEBUG_INFO = INCLUDE_SOURCE;
				MTL_FAST_MATH = YES;
				ONLY_ACTIVE_ARCH = YES;
				SDKROOT = iphoneos;
				SWIFT_ACTIVE_COMPILATION_CONDITIONS = DEBUG;
				SWIFT_OPTIMIZATION_LEVEL = "-Onone";
			};
			name = Debug;
		};
		AA4D1E4F256735D900DD8694 /* Release */ = {
			isa = XCBuildConfiguration;
			buildSettings = {
				ALWAYS_SEARCH_USER_PATHS = NO;
				CLANG_ANALYZER_NONNULL = YES;
				CLANG_ANALYZER_NUMBER_OBJECT_CONVERSION = YES_AGGRESSIVE;
				CLANG_CXX_LANGUAGE_STANDARD = "gnu++14";
				CLANG_CXX_LIBRARY = "libc++";
				CLANG_ENABLE_MODULES = YES;
				CLANG_ENABLE_OBJC_ARC = YES;
				CLANG_ENABLE_OBJC_WEAK = YES;
				CLANG_WARN_BLOCK_CAPTURE_AUTORELEASING = YES;
				CLANG_WARN_BOOL_CONVERSION = YES;
				CLANG_WARN_COMMA = YES;
				CLANG_WARN_CONSTANT_CONVERSION = YES;
				CLANG_WARN_DEPRECATED_OBJC_IMPLEMENTATIONS = YES;
				CLANG_WARN_DIRECT_OBJC_ISA_USAGE = YES_ERROR;
				CLANG_WARN_DOCUMENTATION_COMMENTS = YES;
				CLANG_WARN_EMPTY_BODY = YES;
				CLANG_WARN_ENUM_CONVERSION = YES;
				CLANG_WARN_INFINITE_RECURSION = YES;
				CLANG_WARN_INT_CONVERSION = YES;
				CLANG_WARN_NON_LITERAL_NULL_CONVERSION = YES;
				CLANG_WARN_OBJC_IMPLICIT_RETAIN_SELF = YES;
				CLANG_WARN_OBJC_LITERAL_CONVERSION = YES;
				CLANG_WARN_OBJC_ROOT_CLASS = YES_ERROR;
				CLANG_WARN_QUOTED_INCLUDE_IN_FRAMEWORK_HEADER = YES;
				CLANG_WARN_RANGE_LOOP_ANALYSIS = YES;
				CLANG_WARN_STRICT_PROTOTYPES = YES;
				CLANG_WARN_SUSPICIOUS_MOVE = YES;
				CLANG_WARN_UNGUARDED_AVAILABILITY = YES_AGGRESSIVE;
				CLANG_WARN_UNREACHABLE_CODE = YES;
				CLANG_WARN__DUPLICATE_METHOD_MATCH = YES;
				COPY_PHASE_STRIP = NO;
				DEBUG_INFORMATION_FORMAT = "dwarf-with-dsym";
				ENABLE_NS_ASSERTIONS = NO;
				ENABLE_STRICT_OBJC_MSGSEND = YES;
				GCC_C_LANGUAGE_STANDARD = gnu11;
				GCC_NO_COMMON_BLOCKS = YES;
				GCC_WARN_64_TO_32_BIT_CONVERSION = YES;
				GCC_WARN_ABOUT_RETURN_TYPE = YES_ERROR;
				GCC_WARN_UNDECLARED_SELECTOR = YES;
				GCC_WARN_UNINITIALIZED_AUTOS = YES_AGGRESSIVE;
				GCC_WARN_UNUSED_FUNCTION = YES;
				GCC_WARN_UNUSED_VARIABLE = YES;
				IPHONEOS_DEPLOYMENT_TARGET = 14.2;
				MTL_ENABLE_DEBUG_INFO = NO;
				MTL_FAST_MATH = YES;
				SDKROOT = iphoneos;
				SWIFT_COMPILATION_MODE = wholemodule;
				SWIFT_OPTIMIZATION_LEVEL = "-O";
				VALIDATE_PRODUCT = YES;
			};
			name = Release;
		};
		AA4D1E51256735D900DD8694 /* Debug */ = {
			isa = XCBuildConfiguration;
			buildSettings = {
				ASSETCATALOG_COMPILER_APPICON_NAME = AppIcon;
				ASSETCATALOG_COMPILER_GLOBAL_ACCENT_COLOR_NAME = AccentColor;
				CODE_SIGN_STYLE = Automatic;
				DEVELOPMENT_TEAM = 5933M745D6;
				INFOPLIST_FILE = DibujoCanvas/Info.plist;
				LD_RUNPATH_SEARCH_PATHS = (
					"$(inherited)",
					"@executable_path/Frameworks",
				);
				PRODUCT_BUNDLE_IDENTIFIER = com.bancoazteca.DibujoCanvas;
				PRODUCT_NAME = "$(TARGET_NAME)";
				SWIFT_VERSION = 5.0;
				TARGETED_DEVICE_FAMILY = "1,2";
			};
			name = Debug;
		};
		AA4D1E52256735D900DD8694 /* Release */ = {
			isa = XCBuildConfiguration;
			buildSettings = {
				ASSETCATALOG_COMPILER_APPICON_NAME = AppIcon;
				ASSETCATALOG_COMPILER_GLOBAL_ACCENT_COLOR_NAME = AccentColor;
				CODE_SIGN_STYLE = Automatic;
				DEVELOPMENT_TEAM = 5933M745D6;
				INFOPLIST_FILE = DibujoCanvas/Info.plist;
				LD_RUNPATH_SEARCH_PATHS = (
					"$(inherited)",
					"@executable_path/Frameworks",
				);
				PRODUCT_BUNDLE_IDENTIFIER = com.bancoazteca.DibujoCanvas;
				PRODUCT_NAME = "$(TARGET_NAME)";
				SWIFT_VERSION = 5.0;
				TARGETED_DEVICE_FAMILY = "1,2";
			};
			name = Release;
		};
/* End XCBuildConfiguration section */

/* Begin XCConfigurationList section */
		AA4D1E37256735C600DD8694 /* Build configuration list for PBXProject "DibujoCanvas" */ = {
			isa = XCConfigurationList;
			buildConfigurations = (
				AA4D1E4E256735D900DD8694 /* Debug */,
				AA4D1E4F256735D900DD8694 /* Release */,
			);
			defaultConfigurationIsVisible = 0;
			defaultConfigurationName = Release;
		};
		AA4D1E50256735D900DD8694 /* Build configuration list for PBXNativeTarget "DibujoCanvas" */ = {
			isa = XCConfigurationList;
			buildConfigurations = (
				AA4D1E51256735D900DD8694 /* Debug */,
				AA4D1E52256735D900DD8694 /* Release */,
			);
			defaultConfigurationIsVisible = 0;
			defaultConfigurationName = Release;
		};
/* End XCConfigurationList section */
	};
	rootObject = AA4D1E34256735C600DD8694 /* Project object */;
}
